
Microsoft Visual Studio Solution File, Format Version 12.00
# Visual Studio Version 17
VisualStudioVersion = 17.0.31903.59
MinimumVisualStudioVersion = 10.0.40219.1
Project("{FAE04EC0-301F-11D3-BF4B-00C04F79EFBC}") = "OneKey.Shared", "OneKey.Shared\OneKey.Shared.csproj", "{D076F241-AFD3-4B92-8561-4D468FC84BC8}"
EndProject
Project("{FAE04EC0-301F-11D3-BF4B-00C04F79EFBC}") = "OneKey.Entity", "OneKey.Entity\OneKey.Entity.csproj", "{2D2A3BBD-172E-4FC5-A67F-F137CE13E3E1}"
EndProject
Project("{FAE04EC0-301F-11D3-BF4B-00C04F79EFBC}") = "OneKey.Domain", "OneKey.Domain\OneKey.Domain.csproj", "{542E5907-A262-40A4-B686-654F6E5C018C}"
EndProject
Project("{FAE04EC0-301F-11D3-BF4B-00C04F79EFBC}") = "OneKey.ServiceClient", "OneKey.ServiceClient\OneKey.ServiceClient.csproj", "{A96661AA-AD40-4025-9979-2BDEF74AD17E}"
EndProject
Project("{FAE04EC0-301F-11D3-BF4B-00C04F79EFBC}") = "OneKey.Repository", "OneKey.Repository\OneKey.Repository.csproj", "{39964985-7D89-433F-8C4E-8902CF95CCA0}"
EndProject
Project("{FAE04EC0-301F-11D3-BF4B-00C04F79EFBC}") = "OneKey.Service", "OneKey.Service\OneKey.Service.csproj", "{3A35071F-94B0-4B47-9DDF-3FDEFBCE4366}"
EndProject
Project("{FAE04EC0-301F-11D3-BF4B-00C04F79EFBC}") = "OneKey.Web", "OneKey.Web\OneKey.Web.csproj", "{73D777CD-BA8F-4E39-8CE6-7CE564D87763}"
EndProject
Project("{FAE04EC0-301F-11D3-BF4B-00C04F79EFBC}") = "OneKey.Api", "OneKey.Api\OneKey.Api.csproj", "{6B6BEBDA-6EB9-48E1-A145-98B3C583D898}"
EndProject
Global
	GlobalSection(SolutionConfigurationPlatforms) = preSolution
		Debug|Any CPU = Debug|Any CPU
		Release|Any CPU = Release|Any CPU
	EndGlobalSection
	GlobalSection(SolutionProperties) = preSolution
		HideSolutionNode = FALSE
	EndGlobalSection
	GlobalSection(ProjectConfigurationPlatforms) = postSolution
		{D076F241-AFD3-4B92-8561-4D468FC84BC8}.Debug|Any CPU.ActiveCfg = Debug|Any CPU
		{D076F241-AFD3-4B92-8561-4D468FC84BC8}.Debug|Any CPU.Build.0 = Debug|Any CPU
		{D076F241-AFD3-4B92-8561-4D468FC84BC8}.Release|Any CPU.ActiveCfg = Release|Any CPU
		{D076F241-AFD3-4B92-8561-4D468FC84BC8}.Release|Any CPU.Build.0 = Release|Any CPU
		{2D2A3BBD-172E-4FC5-A67F-F137CE13E3E1}.Debug|Any CPU.ActiveCfg = Debug|Any CPU
		{2D2A3BBD-172E-4FC5-A67F-F137CE13E3E1}.Debug|Any CPU.Build.0 = Debug|Any CPU
		{2D2A3BBD-172E-4FC5-A67F-F137CE13E3E1}.Release|Any CPU.ActiveCfg = Release|Any CPU
		{2D2A3BBD-172E-4FC5-A67F-F137CE13E3E1}.Release|Any CPU.Build.0 = Release|Any CPU
		{542E5907-A262-40A4-B686-654F6E5C018C}.Debug|Any CPU.ActiveCfg = Debug|Any CPU
		{542E5907-A262-40A4-B686-654F6E5C018C}.Debug|Any CPU.Build.0 = Debug|Any CPU
		{542E5907-A262-40A4-B686-654F6E5C018C}.Release|Any CPU.ActiveCfg = Release|Any CPU
		{542E5907-A262-40A4-B686-654F6E5C018C}.Release|Any CPU.Build.0 = Release|Any CPU
		{A96661AA-AD40-4025-9979-2BDEF74AD17E}.Debug|Any CPU.ActiveCfg = Debug|Any CPU
		{A96661AA-AD40-4025-9979-2BDEF74AD17E}.Debug|Any CPU.Build.0 = Debug|Any CPU
		{A96661AA-AD40-4025-9979-2BDEF74AD17E}.Release|Any CPU.ActiveCfg = Release|Any CPU
		{A96661AA-AD40-4025-9979-2BDEF74AD17E}.Release|Any CPU.Build.0 = Release|Any CPU
		{39964985-7D89-433F-8C4E-8902CF95CCA0}.Debug|Any CPU.ActiveCfg = Debug|Any CPU
		{39964985-7D89-433F-8C4E-8902CF95CCA0}.Debug|Any CPU.Build.0 = Debug|Any CPU
		{39964985-7D89-433F-8C4E-8902CF95CCA0}.Release|Any CPU.ActiveCfg = Release|Any CPU
		{39964985-7D89-433F-8C4E-8902CF95CCA0}.Release|Any CPU.Build.0 = Release|Any CPU
		{3A35071F-94B0-4B47-9DDF-3FDEFBCE4366}.Debug|Any CPU.ActiveCfg = Debug|Any CPU
		{3A35071F-94B0-4B47-9DDF-3FDEFBCE4366}.Debug|Any CPU.Build.0 = Debug|Any CPU
		{3A35071F-94B0-4B47-9DDF-3FDEFBCE4366}.Release|Any CPU.ActiveCfg = Release|Any CPU
		{3A35071F-94B0-4B47-9DDF-3FDEFBCE4366}.Release|Any CPU.Build.0 = Release|Any CPU
		{73D777CD-BA8F-4E39-8CE6-7CE564D87763}.Debug|Any CPU.ActiveCfg = Debug|Any CPU
		{73D777CD-BA8F-4E39-8CE6-7CE564D87763}.Debug|Any CPU.Build.0 = Debug|Any CPU
		{73D777CD-BA8F-4E39-8CE6-7CE564D87763}.Release|Any CPU.ActiveCfg = Release|Any CPU
		{73D777CD-BA8F-4E39-8CE6-7CE564D87763}.Release|Any CPU.Build.0 = Release|Any CPU
		{6B6BEBDA-6EB9-48E1-A145-98B3C583D898}.Debug|Any CPU.ActiveCfg = Debug|Any CPU
		{6B6BEBDA-6EB9-48E1-A145-98B3C583D898}.Debug|Any CPU.Build.0 = Debug|Any CPU
		{6B6BEBDA-6EB9-48E1-A145-98B3C583D898}.Release|Any CPU.ActiveCfg = Release|Any CPU
		{6B6BEBDA-6EB9-48E1-A145-98B3C583D898}.Release|Any CPU.Build.0 = Release|Any CPU
	EndGlobalSection
EndGlobal
